
Microsoft Visual Studio Solution File, Format Version 12.00
# Visual Studio Version 16
VisualStudioVersion = 16.0.30011.22
MinimumVisualStudioVersion = 10.0.40219.1
Project("{9A19103F-16F7-4668-BE54-9A1E7A4F7556}") = "BruteForceAlgorithm", "IntershipProject\BruteForceAlgorithm.csproj", "{932E28E2-ED71-44F1-97FC-121F1E3271A3}"
EndProject
Project("{9A19103F-16F7-4668-BE54-9A1E7A4F7556}") = "SwappingTwoNumbers", "SwappingTwoNumbers\SwappingTwoNumbers.csproj", "{C8C84BB7-EEC2-4F57-90B3-73F47DB09C51}"
EndProject
Project("{9A19103F-16F7-4668-BE54-9A1E7A4F7556}") = "SwappingTwoStrings", "SwappingTwoStrings\SwappingTwoStrings.csproj", "{96A88B18-DE49-4BA3-B434-E57455D65713}"
EndProject
Project("{9A19103F-16F7-4668-BE54-9A1E7A4F7556}") = "FibonacciSeries", "FibonacciSeries\FibonacciSeries.csproj", "{09B9DB3B-E1BF-4FDB-86EB-3C9D8D675A3A}"
EndProject
Project("{9A19103F-16F7-4668-BE54-9A1E7A4F7556}") = "PrimeNumbers", "PrimeNumbers\PrimeNumbers.csproj", "{FBC79C8E-9A1D-41B4-BE03-959F77963548}"
EndProject
Project("{9A19103F-16F7-4668-BE54-9A1E7A4F7556}") = "PalindromeNumbersAndStrings", "PalindromeNumbers\PalindromeNumbersAndStrings.csproj", "{AFE0D90D-F860-4A7A-8E15-0B29532397A6}"
EndProject
Project("{9A19103F-16F7-4668-BE54-9A1E7A4F7556}") = "ArmstrongNumbers", "ArmstrongNumbers\ArmstrongNumbers.csproj", "{DBB1CF6C-53B1-4B3A-BFC2-B88D060BDDAC}"
EndProject
Project("{9A19103F-16F7-4668-BE54-9A1E7A4F7556}") = "Factorial", "Factorial\Factorial.csproj", "{9F914315-C506-4D39-94B8-A8A9F073813F}"
EndProject
Project("{9A19103F-16F7-4668-BE54-9A1E7A4F7556}") = "SumOfDigits", "SumOfDigits\SumOfDigits.csproj", "{8A447614-6DFB-4C5E-BB74-A2E20FDE06D3}"
EndProject
Project("{9A19103F-16F7-4668-BE54-9A1E7A4F7556}") = "DecimalToBinary", "DecimalToBinary\DecimalToBinary.csproj", "{D86C140E-72D4-41B4-BC01-D844ABA7185E}"
EndProject
Project("{9A19103F-16F7-4668-BE54-9A1E7A4F7556}") = "BinaryToDecimal", "BinaryToDecimal\BinaryToDecimal.csproj", "{CD174EE8-5BEE-4657-A426-68ED54EBE03F}"
EndProject
Project("{9A19103F-16F7-4668-BE54-9A1E7A4F7556}") = "CharacterOccurrencesInAString", "CharacterOccurrencesInAString\CharacterOccurrencesInAString.csproj", "{D5B7D731-130B-4A5E-932D-C41AE4B86A8B}"
EndProject
Project("{9A19103F-16F7-4668-BE54-9A1E7A4F7556}") = "ReverseAString", "ReverseAString\ReverseAString.csproj", "{BD2ACE73-0D37-4114-9678-D89B36924A92}"
EndProject
Project("{9A19103F-16F7-4668-BE54-9A1E7A4F7556}") = "ReverseEachWordInAString", "ReverseEachWordInAString\ReverseEachWordInAString.csproj", "{BA13BBCA-75FA-4299-A2B3-24CAB3E02951}"
EndProject
Project("{9A19103F-16F7-4668-BE54-9A1E7A4F7556}") = "RemoveDuplicateCharacters", "RemoveDuplicateCharacters\RemoveDuplicateCharacters.csproj", "{D4F3316B-6ECB-4846-95DA-30CFE844913B}"
EndProject
Project("{9A19103F-16F7-4668-BE54-9A1E7A4F7556}") = "FindAllSubstrings", "FindAllSubstrings\FindAllSubstrings.csproj", "{F08BE88F-F10B-4D54-9FBC-A7CCAABEE9DE}"
EndProject
Project("{9A19103F-16F7-4668-BE54-9A1E7A4F7556}") = "ConvertTwoDimensionalArrayToOne", "ConvertTwoDimentionalArrayToOne\ConvertTwoDimensionalArrayToOne.csproj", "{DC917609-E4BB-4229-99B4-AF119A579911}"
EndProject
Project("{9A19103F-16F7-4668-BE54-9A1E7A4F7556}") = "ConvertOneDimensionalArrayToTwo", "ConvertOneDimensionalArrayToTwo\ConvertOneDimensionalArrayToTwo.csproj", "{28E8AFF3-36F1-4DC5-82E4-2C9D24D15D24}"
EndProject
Project("{9A19103F-16F7-4668-BE54-9A1E7A4F7556}") = "RightLeftCircularRotationOfArray", "LeftCircularRotationOfArray\RightLeftCircularRotationOfArray.csproj", "{8F7D5172-90D4-4982-AA65-DAAF1B9AD06C}"
EndProject
Project("{9A19103F-16F7-4668-BE54-9A1E7A4F7556}") = "AngleBetweenHourAndMinutesHands", "AngleBetweenHourAndMinutesHands\AngleBetweenHourAndMinutesHands.csproj", "{70F0B3B1-F8C1-4084-89A8-EB5CF347B75A}"
EndProject
Project("{FAE04EC0-301F-11D3-BF4B-00C04F79EFBC}") = "Anagrams", "Anagrams\Anagrams.csproj", "{714CEC17-0EBE-42BC-BD02-3BEBF30B7AFC}"
EndProject
Project("{FAE04EC0-301F-11D3-BF4B-00C04F79EFBC}") = "WordCount", "WordCount\WordCount.csproj", "{86616434-DF39-4C5E-82A4-1F67A92244F7}"
EndProject
Global
	GlobalSection(SolutionConfigurationPlatforms) = preSolution
		Debug|Any CPU = Debug|Any CPU
		Release|Any CPU = Release|Any CPU
	EndGlobalSection
	GlobalSection(ProjectConfigurationPlatforms) = postSolution
		{932E28E2-ED71-44F1-97FC-121F1E3271A3}.Debug|Any CPU.ActiveCfg = Debug|Any CPU
		{932E28E2-ED71-44F1-97FC-121F1E3271A3}.Debug|Any CPU.Build.0 = Debug|Any CPU
		{932E28E2-ED71-44F1-97FC-121F1E3271A3}.Release|Any CPU.ActiveCfg = Release|Any CPU
		{932E28E2-ED71-44F1-97FC-121F1E3271A3}.Release|Any CPU.Build.0 = Release|Any CPU
		{C8C84BB7-EEC2-4F57-90B3-73F47DB09C51}.Debug|Any CPU.ActiveCfg = Debug|Any CPU
		{C8C84BB7-EEC2-4F57-90B3-73F47DB09C51}.Debug|Any CPU.Build.0 = Debug|Any CPU
		{C8C84BB7-EEC2-4F57-90B3-73F47DB09C51}.Release|Any CPU.ActiveCfg = Release|Any CPU
		{C8C84BB7-EEC2-4F57-90B3-73F47DB09C51}.Release|Any CPU.Build.0 = Release|Any CPU
		{96A88B18-DE49-4BA3-B434-E57455D65713}.Debug|Any CPU.ActiveCfg = Debug|Any CPU
		{96A88B18-DE49-4BA3-B434-E57455D65713}.Debug|Any CPU.Build.0 = Debug|Any CPU
		{96A88B18-DE49-4BA3-B434-E57455D65713}.Release|Any CPU.ActiveCfg = Release|Any CPU
		{96A88B18-DE49-4BA3-B434-E57455D65713}.Release|Any CPU.Build.0 = Release|Any CPU
		{09B9DB3B-E1BF-4FDB-86EB-3C9D8D675A3A}.Debug|Any CPU.ActiveCfg = Debug|Any CPU
		{09B9DB3B-E1BF-4FDB-86EB-3C9D8D675A3A}.Debug|Any CPU.Build.0 = Debug|Any CPU
		{09B9DB3B-E1BF-4FDB-86EB-3C9D8D675A3A}.Release|Any CPU.ActiveCfg = Release|Any CPU
		{09B9DB3B-E1BF-4FDB-86EB-3C9D8D675A3A}.Release|Any CPU.Build.0 = Release|Any CPU
		{FBC79C8E-9A1D-41B4-BE03-959F77963548}.Debug|Any CPU.ActiveCfg = Debug|Any CPU
		{FBC79C8E-9A1D-41B4-BE03-959F77963548}.Debug|Any CPU.Build.0 = Debug|Any CPU
		{FBC79C8E-9A1D-41B4-BE03-959F77963548}.Release|Any CPU.ActiveCfg = Release|Any CPU
		{FBC79C8E-9A1D-41B4-BE03-959F77963548}.Release|Any CPU.Build.0 = Release|Any CPU
		{AFE0D90D-F860-4A7A-8E15-0B29532397A6}.Debug|Any CPU.ActiveCfg = Debug|Any CPU
		{AFE0D90D-F860-4A7A-8E15-0B29532397A6}.Debug|Any CPU.Build.0 = Debug|Any CPU
		{AFE0D90D-F860-4A7A-8E15-0B29532397A6}.Release|Any CPU.ActiveCfg = Release|Any CPU
		{AFE0D90D-F860-4A7A-8E15-0B29532397A6}.Release|Any CPU.Build.0 = Release|Any CPU
		{DBB1CF6C-53B1-4B3A-BFC2-B88D060BDDAC}.Debug|Any CPU.ActiveCfg = Debug|Any CPU
		{DBB1CF6C-53B1-4B3A-BFC2-B88D060BDDAC}.Debug|Any CPU.Build.0 = Debug|Any CPU
		{DBB1CF6C-53B1-4B3A-BFC2-B88D060BDDAC}.Release|Any CPU.ActiveCfg = Release|Any CPU
		{DBB1CF6C-53B1-4B3A-BFC2-B88D060BDDAC}.Release|Any CPU.Build.0 = Release|Any CPU
		{9F914315-C506-4D39-94B8-A8A9F073813F}.Debug|Any CPU.ActiveCfg = Debug|Any CPU
		{9F914315-C506-4D39-94B8-A8A9F073813F}.Debug|Any CPU.Build.0 = Debug|Any CPU
		{9F914315-C506-4D39-94B8-A8A9F073813F}.Release|Any CPU.ActiveCfg = Release|Any CPU
		{9F914315-C506-4D39-94B8-A8A9F073813F}.Release|Any CPU.Build.0 = Release|Any CPU
		{8A447614-6DFB-4C5E-BB74-A2E20FDE06D3}.Debug|Any CPU.ActiveCfg = Debug|Any CPU
		{8A447614-6DFB-4C5E-BB74-A2E20FDE06D3}.Debug|Any CPU.Build.0 = Debug|Any CPU
		{8A447614-6DFB-4C5E-BB74-A2E20FDE06D3}.Release|Any CPU.ActiveCfg = Release|Any CPU
		{8A447614-6DFB-4C5E-BB74-A2E20FDE06D3}.Release|Any CPU.Build.0 = Release|Any CPU
		{D86C140E-72D4-41B4-BC01-D844ABA7185E}.Debug|Any CPU.ActiveCfg = Debug|Any CPU
		{D86C140E-72D4-41B4-BC01-D844ABA7185E}.Debug|Any CPU.Build.0 = Debug|Any CPU
		{D86C140E-72D4-41B4-BC01-D844ABA7185E}.Release|Any CPU.ActiveCfg = Release|Any CPU
		{D86C140E-72D4-41B4-BC01-D844ABA7185E}.Release|Any CPU.Build.0 = Release|Any CPU
		{CD174EE8-5BEE-4657-A426-68ED54EBE03F}.Debug|Any CPU.ActiveCfg = Debug|Any CPU
		{CD174EE8-5BEE-4657-A426-68ED54EBE03F}.Debug|Any CPU.Build.0 = Debug|Any CPU
		{CD174EE8-5BEE-4657-A426-68ED54EBE03F}.Release|Any CPU.ActiveCfg = Release|Any CPU
		{CD174EE8-5BEE-4657-A426-68ED54EBE03F}.Release|Any CPU.Build.0 = Release|Any CPU
		{D5B7D731-130B-4A5E-932D-C41AE4B86A8B}.Debug|Any CPU.ActiveCfg = Debug|Any CPU
		{D5B7D731-130B-4A5E-932D-C41AE4B86A8B}.Debug|Any CPU.Build.0 = Debug|Any CPU
		{D5B7D731-130B-4A5E-932D-C41AE4B86A8B}.Release|Any CPU.ActiveCfg = Release|Any CPU
		{D5B7D731-130B-4A5E-932D-C41AE4B86A8B}.Release|Any CPU.Build.0 = Release|Any CPU
		{BD2ACE73-0D37-4114-9678-D89B36924A92}.Debug|Any CPU.ActiveCfg = Debug|Any CPU
		{BD2ACE73-0D37-4114-9678-D89B36924A92}.Debug|Any CPU.Build.0 = Debug|Any CPU
		{BD2ACE73-0D37-4114-9678-D89B36924A92}.Release|Any CPU.ActiveCfg = Release|Any CPU
		{BD2ACE73-0D37-4114-9678-D89B36924A92}.Release|Any CPU.Build.0 = Release|Any CPU
		{BA13BBCA-75FA-4299-A2B3-24CAB3E02951}.Debug|Any CPU.ActiveCfg = Debug|Any CPU
		{BA13BBCA-75FA-4299-A2B3-24CAB3E02951}.Debug|Any CPU.Build.0 = Debug|Any CPU
		{BA13BBCA-75FA-4299-A2B3-24CAB3E02951}.Release|Any CPU.ActiveCfg = Release|Any CPU
		{BA13BBCA-75FA-4299-A2B3-24CAB3E02951}.Release|Any CPU.Build.0 = Release|Any CPU
		{D4F3316B-6ECB-4846-95DA-30CFE844913B}.Debug|Any CPU.ActiveCfg = Debug|Any CPU
		{D4F3316B-6ECB-4846-95DA-30CFE844913B}.Debug|Any CPU.Build.0 = Debug|Any CPU
		{D4F3316B-6ECB-4846-95DA-30CFE844913B}.Release|Any CPU.ActiveCfg = Release|Any CPU
		{D4F3316B-6ECB-4846-95DA-30CFE844913B}.Release|Any CPU.Build.0 = Release|Any CPU
		{F08BE88F-F10B-4D54-9FBC-A7CCAABEE9DE}.Debug|Any CPU.ActiveCfg = Debug|Any CPU
		{F08BE88F-F10B-4D54-9FBC-A7CCAABEE9DE}.Debug|Any CPU.Build.0 = Debug|Any CPU
		{F08BE88F-F10B-4D54-9FBC-A7CCAABEE9DE}.Release|Any CPU.ActiveCfg = Release|Any CPU
		{F08BE88F-F10B-4D54-9FBC-A7CCAABEE9DE}.Release|Any CPU.Build.0 = Release|Any CPU
		{DC917609-E4BB-4229-99B4-AF119A579911}.Debug|Any CPU.ActiveCfg = Debug|Any CPU
		{DC917609-E4BB-4229-99B4-AF119A579911}.Debug|Any CPU.Build.0 = Debug|Any CPU
		{DC917609-E4BB-4229-99B4-AF119A579911}.Release|Any CPU.ActiveCfg = Release|Any CPU
		{DC917609-E4BB-4229-99B4-AF119A579911}.Release|Any CPU.Build.0 = Release|Any CPU
		{28E8AFF3-36F1-4DC5-82E4-2C9D24D15D24}.Debug|Any CPU.ActiveCfg = Debug|Any CPU
		{28E8AFF3-36F1-4DC5-82E4-2C9D24D15D24}.Debug|Any CPU.Build.0 = Debug|Any CPU
		{28E8AFF3-36F1-4DC5-82E4-2C9D24D15D24}.Release|Any CPU.ActiveCfg = Release|Any CPU
		{28E8AFF3-36F1-4DC5-82E4-2C9D24D15D24}.Release|Any CPU.Build.0 = Release|Any CPU
		{8F7D5172-90D4-4982-AA65-DAAF1B9AD06C}.Debug|Any CPU.ActiveCfg = Debug|Any CPU
		{8F7D5172-90D4-4982-AA65-DAAF1B9AD06C}.Debug|Any CPU.Build.0 = Debug|Any CPU
		{8F7D5172-90D4-4982-AA65-DAAF1B9AD06C}.Release|Any CPU.ActiveCfg = Release|Any CPU
		{8F7D5172-90D4-4982-AA65-DAAF1B9AD06C}.Release|Any CPU.Build.0 = Release|Any CPU
		{70F0B3B1-F8C1-4084-89A8-EB5CF347B75A}.Debug|Any CPU.ActiveCfg = Debug|Any CPU
		{70F0B3B1-F8C1-4084-89A8-EB5CF347B75A}.Debug|Any CPU.Build.0 = Debug|Any CPU
		{70F0B3B1-F8C1-4084-89A8-EB5CF347B75A}.Release|Any CPU.ActiveCfg = Release|Any CPU
		{70F0B3B1-F8C1-4084-89A8-EB5CF347B75A}.Release|Any CPU.Build.0 = Release|Any CPU
		{714CEC17-0EBE-42BC-BD02-3BEBF30B7AFC}.Debug|Any CPU.ActiveCfg = Debug|Any CPU
		{714CEC17-0EBE-42BC-BD02-3BEBF30B7AFC}.Debug|Any CPU.Build.0 = Debug|Any CPU
		{714CEC17-0EBE-42BC-BD02-3BEBF30B7AFC}.Release|Any CPU.ActiveCfg = Release|Any CPU
		{714CEC17-0EBE-42BC-BD02-3BEBF30B7AFC}.Release|Any CPU.Build.0 = Release|Any CPU
		{86616434-DF39-4C5E-82A4-1F67A92244F7}.Debug|Any CPU.ActiveCfg = Debug|Any CPU
		{86616434-DF39-4C5E-82A4-1F67A92244F7}.Debug|Any CPU.Build.0 = Debug|Any CPU
		{86616434-DF39-4C5E-82A4-1F67A92244F7}.Release|Any CPU.ActiveCfg = Release|Any CPU
		{86616434-DF39-4C5E-82A4-1F67A92244F7}.Release|Any CPU.Build.0 = Release|Any CPU
	EndGlobalSection
	GlobalSection(SolutionProperties) = preSolution
		HideSolutionNode = FALSE
	EndGlobalSection
	GlobalSection(ExtensibilityGlobals) = postSolution
		SolutionGuid = {E5F105EC-15D8-46CA-A08B-FC6ECECC5C91}
	EndGlobalSection
EndGlobal
